
Microsoft Visual Studio Solution File, Format Version 12.00
# Visual Studio Version 17
VisualStudioVersion = 17.5.33530.505
MinimumVisualStudioVersion = 10.0.40219.1
Project("{FAE04EC0-301F-11D3-BF4B-00C04F79EFBC}") = "UI.ChuBao", "UI.ChuBao\UI.ChuBao.csproj", "{45390B2B-BDDF-4784-8191-F4DEB60D99CC}"
EndProject
Global
	GlobalSection(SolutionConfigurationPlatforms) = preSolution
		Debug|Any CPU = Debug|Any CPU
		Release|Any CPU = Release|Any CPU
	EndGlobalSection
	GlobalSection(ProjectConfigurationPlatforms) = postSolution
		{45390B2B-BDDF-4784-8191-F4DEB60D99CC}.Debug|Any CPU.ActiveCfg = Debug|Any CPU
		{45390B2B-BDDF-4784-8191-F4DEB60D99CC}.Debug|Any CPU.Build.0 = Debug|Any CPU
		{45390B2B-BDDF-4784-8191-F4DEB60D99CC}.Release|Any CPU.ActiveCfg = Release|Any CPU
		{45390B2B-BDDF-4784-8191-F4DEB60D99CC}.Release|Any CPU.Build.0 = Release|Any CPU
	EndGlobalSection
	GlobalSection(SolutionProperties) = preSolution
		HideSolutionNode = FALSE
	EndGlobalSection
	GlobalSection(ExtensibilityGlobals) = postSolution
		SolutionGuid = {B1B2A6B2-25E9-4EBF-B5F1-48E01B3D1467}
	EndGlobalSection
EndGlobal
